
Microsoft Visual Studio Solution File, Format Version 12.00
# Visual Studio Version 16
VisualStudioVersion = 16.0.31911.196
MinimumVisualStudioVersion = 10.0.40219.1
Project("{FAE04EC0-301F-11D3-BF4B-00C04F79EFBC}") = "ClientRest", "ClientRest.csproj", "{8AA7CE80-4B02-49D0-8C4C-BECDF6B8B756}"
EndProject
Global
	GlobalSection(SolutionConfigurationPlatforms) = preSolution
		Debug|Any CPU = Debug|Any CPU
		Release|Any CPU = Release|Any CPU
	EndGlobalSection
	GlobalSection(ProjectConfigurationPlatforms) = postSolution
		{8AA7CE80-4B02-49D0-8C4C-BECDF6B8B756}.Debug|Any CPU.ActiveCfg = Debug|Any CPU
		{8AA7CE80-4B02-49D0-8C4C-BECDF6B8B756}.Debug|Any CPU.Build.0 = Debug|Any CPU
		{8AA7CE80-4B02-49D0-8C4C-BECDF6B8B756}.Release|Any CPU.ActiveCfg = Release|Any CPU
		{8AA7CE80-4B02-49D0-8C4C-BECDF6B8B756}.Release|Any CPU.Build.0 = Release|Any CPU
	EndGlobalSection
	GlobalSection(SolutionProperties) = preSolution
		HideSolutionNode = FALSE
	EndGlobalSection
	GlobalSection(ExtensibilityGlobals) = postSolution
		SolutionGuid = {B2A6D891-E934-4A3A-A9BD-9E8463C929CE}
	EndGlobalSection
EndGlobal
