
Microsoft Visual Studio Solution File, Format Version 12.00
# Visual Studio Version 16
VisualStudioVersion = 16.0.31729.503
MinimumVisualStudioVersion = 10.0.40219.1
Project("{9A19103F-16F7-4668-BE54-9A1E7A4F7556}") = "ISIAPI", "ISIAPI.csproj", "{2845BDD6-3143-450E-8585-85D48BF0571E}"
EndProject
Global
	GlobalSection(SolutionConfigurationPlatforms) = preSolution
		Debug|Any CPU = Debug|Any CPU
		Release|Any CPU = Release|Any CPU
	EndGlobalSection
	GlobalSection(ProjectConfigurationPlatforms) = postSolution
		{2845BDD6-3143-450E-8585-85D48BF0571E}.Debug|Any CPU.ActiveCfg = Debug|Any CPU
		{2845BDD6-3143-450E-8585-85D48BF0571E}.Debug|Any CPU.Build.0 = Debug|Any CPU
		{2845BDD6-3143-450E-8585-85D48BF0571E}.Release|Any CPU.ActiveCfg = Release|Any CPU
		{2845BDD6-3143-450E-8585-85D48BF0571E}.Release|Any CPU.Build.0 = Release|Any CPU
	EndGlobalSection
	GlobalSection(SolutionProperties) = preSolution
		HideSolutionNode = FALSE
	EndGlobalSection
	GlobalSection(ExtensibilityGlobals) = postSolution
		SolutionGuid = {C43E6683-16FF-4F9D-A609-C4DCA024C26E}
	EndGlobalSection
EndGlobal
